
Microsoft Visual Studio Solution File, Format Version 12.00
# Visual Studio Version 17
VisualStudioVersion = 17.12.35707.178
MinimumVisualStudioVersion = 10.0.40219.1
Project("{2150E333-8FDC-42A3-9474-1A3956D46DE8}") = ".paket", ".paket", "{F8DF5904-107E-45D2-9D05-F10C8D96B5AB}"
	ProjectSection(SolutionItems) = preProject
		paket.dependencies = paket.dependencies
	EndProjectSection
EndProject
Project("{2150E333-8FDC-42A3-9474-1A3956D46DE8}") = "src", "src", "{372272BA-3993-42B3-BC58-7B9CE81D2724}"
EndProject
Project("{2150E333-8FDC-42A3-9474-1A3956D46DE8}") = "tests", "tests", "{6C64AF6C-ADAC-4A24-8CB4-62FE4571F945}"
EndProject
Project("{FAE04EC0-301F-11D3-BF4B-00C04F79EFBC}") = "Example", "src\Example\Example.csproj", "{A48FAAE8-1A9D-4715-8776-068B6BE46A9E}"
EndProject
Project("{FAE04EC0-301F-11D3-BF4B-00C04F79EFBC}") = "Example.Tests", "tests\Example.Tests\Example.Tests.csproj", "{52D8D0B8-6B66-4779-8416-8E0627EBF4F8}"
EndProject
Project("{2150E333-8FDC-42A3-9474-1A3956D46DE8}") = "Solution Items", "Solution Items", "{B301F0C9-177A-4D77-9ADD-AE4002310D1F}"
	ProjectSection(SolutionItems) = preProject
		.gitignore = .gitignore
		config.nsdepcop = config.nsdepcop
		Directory.Build.props = Directory.Build.props
		Directory.Packages.props = Directory.Packages.props
	EndProjectSection
EndProject
Global
	GlobalSection(SolutionConfigurationPlatforms) = preSolution
		Debug|Any CPU = Debug|Any CPU
		Release|Any CPU = Release|Any CPU
	EndGlobalSection
	GlobalSection(ProjectConfigurationPlatforms) = postSolution
		{A48FAAE8-1A9D-4715-8776-068B6BE46A9E}.Debug|Any CPU.ActiveCfg = Debug|Any CPU
		{A48FAAE8-1A9D-4715-8776-068B6BE46A9E}.Debug|Any CPU.Build.0 = Debug|Any CPU
		{A48FAAE8-1A9D-4715-8776-068B6BE46A9E}.Release|Any CPU.ActiveCfg = Release|Any CPU
		{A48FAAE8-1A9D-4715-8776-068B6BE46A9E}.Release|Any CPU.Build.0 = Release|Any CPU
		{52D8D0B8-6B66-4779-8416-8E0627EBF4F8}.Debug|Any CPU.ActiveCfg = Debug|Any CPU
		{52D8D0B8-6B66-4779-8416-8E0627EBF4F8}.Debug|Any CPU.Build.0 = Debug|Any CPU
		{52D8D0B8-6B66-4779-8416-8E0627EBF4F8}.Release|Any CPU.ActiveCfg = Release|Any CPU
		{52D8D0B8-6B66-4779-8416-8E0627EBF4F8}.Release|Any CPU.Build.0 = Release|Any CPU
	EndGlobalSection
	GlobalSection(SolutionProperties) = preSolution
		HideSolutionNode = FALSE
	EndGlobalSection
	GlobalSection(NestedProjects) = preSolution
		{A48FAAE8-1A9D-4715-8776-068B6BE46A9E} = {372272BA-3993-42B3-BC58-7B9CE81D2724}
		{52D8D0B8-6B66-4779-8416-8E0627EBF4F8} = {6C64AF6C-ADAC-4A24-8CB4-62FE4571F945}
	EndGlobalSection
EndGlobal
