
Microsoft Visual Studio Solution File, Format Version 12.00
# Visual Studio Version 17
VisualStudioVersion = 17.12.35707.178
MinimumVisualStudioVersion = 10.0.40219.1
Project("{2150E333-8FDC-42A3-9474-1A3956D46DE8}") = "tests", "tests", "{3C8D5782-F4F2-4C5D-8DC9-C08C86EBAE32}"
EndProject
Project("{2150E333-8FDC-42A3-9474-1A3956D46DE8}") = "src", "src", "{2C26C968-F6D3-40D5-AF08-D4AFADA09B4A}"
EndProject
Project("{FAE04EC0-301F-11D3-BF4B-00C04F79EFBC}") = "TranslationApiClient.Tests", "tests\TranslationApiClient.Tests\TranslationApiClient.Tests.csproj", "{BFAE2DD5-3D5A-4935-8199-1AD9F05D3FD6}"
EndProject
Project("{FAE04EC0-301F-11D3-BF4B-00C04F79EFBC}") = "TranslationApiClient", "src\TranslationApiClient\TranslationApiClient.csproj", "{D701D3C1-E38F-455F-8435-D4C721E1D0AC}"
EndProject
Project("{2150E333-8FDC-42A3-9474-1A3956D46DE8}") = "Solution Items", "Solution Items", "{796109E9-BF31-4D04-B010-1DD597E441B9}"
	ProjectSection(SolutionItems) = preProject
		.editorconfig = .editorconfig
		config.nsdepcop = config.nsdepcop
		Directory.Build.props = Directory.Build.props
	EndProjectSection
EndProject
Global
	GlobalSection(SolutionConfigurationPlatforms) = preSolution
		Debug|Any CPU = Debug|Any CPU
		Release|Any CPU = Release|Any CPU
	EndGlobalSection
	GlobalSection(ProjectConfigurationPlatforms) = postSolution
		{BFAE2DD5-3D5A-4935-8199-1AD9F05D3FD6}.Debug|Any CPU.ActiveCfg = Debug|Any CPU
		{BFAE2DD5-3D5A-4935-8199-1AD9F05D3FD6}.Debug|Any CPU.Build.0 = Debug|Any CPU
		{BFAE2DD5-3D5A-4935-8199-1AD9F05D3FD6}.Release|Any CPU.ActiveCfg = Release|Any CPU
		{BFAE2DD5-3D5A-4935-8199-1AD9F05D3FD6}.Release|Any CPU.Build.0 = Release|Any CPU
		{D701D3C1-E38F-455F-8435-D4C721E1D0AC}.Debug|Any CPU.ActiveCfg = Debug|Any CPU
		{D701D3C1-E38F-455F-8435-D4C721E1D0AC}.Debug|Any CPU.Build.0 = Debug|Any CPU
		{D701D3C1-E38F-455F-8435-D4C721E1D0AC}.Release|Any CPU.ActiveCfg = Release|Any CPU
		{D701D3C1-E38F-455F-8435-D4C721E1D0AC}.Release|Any CPU.Build.0 = Release|Any CPU
	EndGlobalSection
	GlobalSection(SolutionProperties) = preSolution
		HideSolutionNode = FALSE
	EndGlobalSection
	GlobalSection(NestedProjects) = preSolution
		{BFAE2DD5-3D5A-4935-8199-1AD9F05D3FD6} = {3C8D5782-F4F2-4C5D-8DC9-C08C86EBAE32}
		{D701D3C1-E38F-455F-8435-D4C721E1D0AC} = {2C26C968-F6D3-40D5-AF08-D4AFADA09B4A}
	EndGlobalSection
EndGlobal
